
Microsoft Visual Studio Solution File, Format Version 12.00
# Visual Studio Version 16
VisualStudioVersion = 16.0.35229.62
MinimumVisualStudioVersion = 10.0.40219.1
Project("{D2ABAB84-BF74-430A-B69E-9DC6D40DDA17}") = "Mineria", "Mineria\Mineria.dwproj", "{566C3BCD-FC47-4C52-937B-7C5DF2475A47}"
EndProject
Global
	GlobalSection(SolutionConfigurationPlatforms) = preSolution
		Development|Default = Development|Default
	EndGlobalSection
	GlobalSection(ProjectConfigurationPlatforms) = postSolution
		{566C3BCD-FC47-4C52-937B-7C5DF2475A47}.Development|Default.ActiveCfg = Development
		{566C3BCD-FC47-4C52-937B-7C5DF2475A47}.Development|Default.Build.0 = Development
		{566C3BCD-FC47-4C52-937B-7C5DF2475A47}.Development|Default.Deploy.0 = Development
	EndGlobalSection
	GlobalSection(SolutionProperties) = preSolution
		HideSolutionNode = FALSE
	EndGlobalSection
	GlobalSection(ExtensibilityGlobals) = postSolution
		SolutionGuid = {389B7608-382B-458D-855C-333D32F481EC}
	EndGlobalSection
EndGlobal
